PODS:
  - FlutterMacOS (1.0.0)
  - ykpiv_desktop (0.0.1):
    - FlutterMacOS

DEPENDENCIES:
  - FlutterMacOS (from `Flutter/ephemeral`)
  - ykpiv_desktop (from `Flutter/ephemeral/.symlinks/plugins/ykpiv_desktop/macos`)

EXTERNAL SOURCES:
  FlutterMacOS:
    :path: Flutter/ephemeral
  ykpiv_desktop:
    :path: Flutter/ephemeral/.symlinks/plugins/ykpiv_desktop/macos

SPEC CHECKSUMS:
  FlutterMacOS: 8f6f14fa908a6fb3fba0cd85dbd81ec4b251fb24
  ykpiv_desktop: d4c6052468c948d4d5fd1841b051dc39df67e5d8

PODFILE CHECKSUM: a1f7a9509f66e7592b08081647a61730f5fd68fb

COCOAPODS: 1.16.2
