PODS:
  - cryptography_flutter_plus (0.2.0):
    - FlutterMacOS
  - FlutterMacOS (1.0.0)
  - ykpiv_desktop (0.0.12):
    - FlutterMacOS

DEPENDENCIES:
  - cryptography_flutter_plus (from `Flutter/ephemeral/.symlinks/plugins/cryptography_flutter_plus/macos`)
  - FlutterMacOS (from `Flutter/ephemeral`)
  - ykpiv_desktop (from `Flutter/ephemeral/.symlinks/plugins/ykpiv_desktop/macos`)

EXTERNAL SOURCES:
  cryptography_flutter_plus:
    :path: Flutter/ephemeral/.symlinks/plugins/cryptography_flutter_plus/macos
  FlutterMacOS:
    :path: Flutter/ephemeral
  ykpiv_desktop:
    :path: Flutter/ephemeral/.symlinks/plugins/ykpiv_desktop/macos

SPEC CHECKSUMS:
  cryptography_flutter_plus: 7c6e0d0f08664499a2c5402aa7cbcca07f2a7130
  FlutterMacOS: d0db08ddef1a9af05a5ec4b724367152bb0500b1
  ykpiv_desktop: 81d037e0618e8173c614a78596306f67aec8990d

PODFILE CHECKSUM: 5fcc1d35ccc6c503f8163f1b7a59c098cd433398

COCOAPODS: 1.16.2
